
Microsoft Visual Studio Solution File, Format Version 12.00
# Visual Studio Version 16
VisualStudioVersion = 16.0.29609.76
MinimumVisualStudioVersion = 10.0.40219.1
Project("{FAE04EC0-301F-11D3-BF4B-00C04F79EFBC}") = "OdeToFood", "OdeToFood\OdeToFood.csproj", "{EC05D917-DFFE-4BC7-A0D7-FC924F5848BD}"
EndProject
Global
	GlobalSection(SolutionConfigurationPlatforms) = preSolution
		Debug|Any CPU = Debug|Any CPU
		Release|Any CPU = Release|Any CPU
	EndGlobalSection
	GlobalSection(ProjectConfigurationPlatforms) = postSolution
		{EC05D917-DFFE-4BC7-A0D7-FC924F5848BD}.Debug|Any CPU.ActiveCfg = Debug|Any CPU
		{EC05D917-DFFE-4BC7-A0D7-FC924F5848BD}.Debug|Any CPU.Build.0 = Debug|Any CPU
		{EC05D917-DFFE-4BC7-A0D7-FC924F5848BD}.Release|Any CPU.ActiveCfg = Release|Any CPU
		{EC05D917-DFFE-4BC7-A0D7-FC924F5848BD}.Release|Any CPU.Build.0 = Release|Any CPU
	EndGlobalSection
	GlobalSection(SolutionProperties) = preSolution
		HideSolutionNode = FALSE
	EndGlobalSection
	GlobalSection(ExtensibilityGlobals) = postSolution
		SolutionGuid = {4EB371FB-02C4-4422-8449-719EDD01D294}
	EndGlobalSection
EndGlobal
